{
  "version": 4,
  "terraform_version": "1.6.2",
  "serial": 52,
  "lineage": "ab032ccd-ee52-9fd4-3fcf-2ca45df80d0f",
  "outputs": {},
  "resources": [
    {
      "mode": "managed",
      "type": "docker_image",
      "name": "sirplexus",
      "provider": "provider[\"registry.terraform.io/kreuzwerker/docker\"]",
      "instances": [
        {
          "schema_version": 0,
          "attributes": {
            "build": [],
            "force_remove": null,
            "id": "sha256:1460dbc46bb44a2f9ffee1929e458a54659e169576ff2857dc5d23f38411ca4bsirplexus/minecraft-server-standalone:latest",
            "image_id": "sha256:1460dbc46bb44a2f9ffee1929e458a54659e169576ff2857dc5d23f38411ca4b",
            "keep_locally": null,
            "name": "sirplexus/minecraft-server-standalone:latest",
            "platform": null,
            "pull_triggers": null,
            "repo_digest": "sirplexus/minecraft-server-standalone@sha256:1e750d7cce9df2c6830df4c4cd7822df68f1466598c3331cbb271480b4d39901",
            "triggers": null
          },
          "sensitive_attributes": [],
          "private": "bnVsbA=="
        }
      ]
    }
  ],
  "check_results": null
}
