{
  "version": 4,
  "terraform_version": "1.6.2",
  "serial": 25,
  "lineage": "ab032ccd-ee52-9fd4-3fcf-2ca45df80d0f",
  "outputs": {},
  "resources": [
    {
      "mode": "managed",
      "type": "docker_container",
      "name": "sirplexus",
      "provider": "provider[\"registry.terraform.io/kreuzwerker/docker\"]",
      "instances": [
        {
          "schema_version": 2,
          "attributes": {
            "attach": false,
            "bridge": "",
            "capabilities": [],
            "cgroupns_mode": null,
            "command": [
              "/bin/sh",
              "-c",
              "/usr/bin/java -Xmx$MCRAM -Xmx$MCRAM -jar server.jar nogui"
            ],
            "container_logs": null,
            "container_read_refresh_timeout_milliseconds": 15000,
            "cpu_set": "",
            "cpu_shares": 0,
            "destroy_grace_seconds": null,
            "devices": [],
            "dns": null,
            "dns_opts": null,
            "dns_search": null,
            "domainname": "",
            "entrypoint": [],
            "env": [],
            "exit_code": null,
            "gpus": null,
            "group_add": null,
            "healthcheck": null,
            "host": [],
            "hostname": "6ccd7e1009cc",
            "id": "6ccd7e1009cccb65e1af2d608f3d59f4226e5237961dd2d4c5d924bde7edeaa5",
            "image": "sha256:1460dbc46bb44a2f9ffee1929e458a54659e169576ff2857dc5d23f38411ca4b",
            "init": false,
            "ipc_mode": "private",
            "labels": [],
            "log_driver": "json-file",
            "log_opts": null,
            "logs": false,
            "max_retry_count": 0,
            "memory": 0,
            "memory_swap": 0,
            "mounts": [],
            "must_run": true,
            "name": "sirplexus",
            "network_data": [
              {
                "gateway": "172.17.0.1",
                "global_ipv6_address": "",
                "global_ipv6_prefix_length": 0,
                "ip_address": "172.17.0.2",
                "ip_prefix_length": 16,
                "ipv6_gateway": "",
                "mac_address": "02:42:ac:11:00:02",
                "network_name": "bridge"
              }
            ],
            "network_mode": "default",
            "networks_advanced": [],
            "pid_mode": "",
            "ports": [],
            "privileged": false,
            "publish_all_ports": false,
            "read_only": false,
            "remove_volumes": true,
            "restart": "no",
            "rm": false,
            "runtime": "runc",
            "security_opts": [],
            "shm_size": 64,
            "start": true,
            "stdin_open": false,
            "stop_signal": "",
            "stop_timeout": 0,
            "storage_opts": null,
            "sysctls": null,
            "tmpfs": null,
            "tty": false,
            "ulimit": [],
            "upload": [],
            "user": "",
            "userns_mode": "",
            "volumes": [],
            "wait": false,
            "wait_timeout": 60,
            "working_dir": "/srv/minecraft"
          },
          "sensitive_attributes": [],
          "private": "eyJzY2hlbWFfdmVyc2lvbiI6IjIifQ==",
          "dependencies": [
            "docker_image.sirplexus"
          ]
        }
      ]
    },
    {
      "mode": "managed",
      "type": "docker_image",
      "name": "sirplexus",
      "provider": "provider[\"registry.terraform.io/kreuzwerker/docker\"]",
      "instances": [
        {
          "schema_version": 0,
          "attributes": {
            "build": [],
            "force_remove": null,
            "id": "sha256:1460dbc46bb44a2f9ffee1929e458a54659e169576ff2857dc5d23f38411ca4bsirplexus/minecraft-server-standalone:latest",
            "image_id": "sha256:1460dbc46bb44a2f9ffee1929e458a54659e169576ff2857dc5d23f38411ca4b",
            "keep_locally": null,
            "name": "sirplexus/minecraft-server-standalone:latest",
            "platform": null,
            "pull_triggers": null,
            "repo_digest": "sirplexus/minecraft-server-standalone@sha256:1e750d7cce9df2c6830df4c4cd7822df68f1466598c3331cbb271480b4d39901",
            "triggers": null
          },
          "sensitive_attributes": [],
          "private": "bnVsbA=="
        }
      ]
    }
  ],
  "check_results": null
}
